{
  "name": "Student_Database_COSA",
  "lockfileVersion": 3,
  "requires": true,
  "packages": {
    "": {
      "dependencies": {
        "passport-local": "^1.0.0",
        "passport-local-mongoose": "^9.0.1"
      }
    },
    "node_modules/passport-local": {
      "version": "1.0.0",
      "resolved": "https://registry.npmjs.org/passport-local/-/passport-local-1.0.0.tgz",
      "integrity": "sha512-9wCE6qKznvf9mQYYbgJ3sVOHmCWoUNMVFoZzNoznmISbhnNNPhN9xfY3sLmScHMetEJeoY7CXwfhCe7argfQow==",
      "dependencies": {
        "passport-strategy": "1.x.x"
      },
      "engines": {
        "node": ">= 0.4.0"
      }
    },
    "node_modules/passport-local-mongoose": {
      "version": "9.0.1",
      "resolved": "https://registry.npmjs.org/passport-local-mongoose/-/passport-local-mongoose-9.0.1.tgz",
      "integrity": "sha512-DiAoFiNBUNcxJd/ZC09mK2p2zclIi3RGtdnynO27Wf38V16R4d1iYTYjSPbCWhbpJvVD5X1d0HkAPDGQTSbEnw==",
      "license": "MIT",
      "dependencies": {
        "passport-local": "^1.0.0",
        "scmp": "^2.1.0"
      },
      "engines": {
        "node": ">= 8.0.0"
      }
    },
    "node_modules/passport-strategy": {
      "version": "1.0.0",
      "resolved": "https://registry.npmjs.org/passport-strategy/-/passport-strategy-1.0.0.tgz",
      "integrity": "sha512-CB97UUvDKJde2V0KDWWB3lyf6PC3FaZP7YxZ2G8OAtn9p4HI9j9JLP9qjOGZFvyl8uwNT8qM+hGnz/n16NI7oA==",
      "engines": {
        "node": ">= 0.4.0"
      }
    },
    "node_modules/scmp": {
      "version": "2.1.0",
      "resolved": "https://registry.npmjs.org/scmp/-/scmp-2.1.0.tgz",
      "integrity": "sha512-o/mRQGk9Rcer/jEEw/yw4mwo3EU/NvYvp577/Btqrym9Qy5/MdWGBqipbALgd2lrdWTJ5/gqDusxfnQBxOxT2Q==",
      "deprecated": "Just use Node.js's crypto.timingSafeEqual()",
      "license": "BSD-3-Clause"
    }
  }
}
